
Microsoft Visual Studio Solution File, Format Version 12.00
# Visual Studio Version 17
VisualStudioVersion = 17.5.002.0
MinimumVisualStudioVersion = 10.0.40219.1
Project("{2150E333-8FDC-42A3-9474-1A3956D46DE8}") = "example-voting-app", "example-voting-app", "{556D55EA-1141-481F-B842-6A118DE1E61B}"
EndProject
Project("{9A19103F-16F7-4668-BE54-9A1E7A4F7556}") = "CSharpApp", "example-voting-app\csharp\CSharpApp.csproj", "{4EBBAB51-895E-43DE-9EA1-6FEACFF72543}"
EndProject
Global
	GlobalSection(SolutionConfigurationPlatforms) = preSolution
		Debug|Any CPU = Debug|Any CPU
		Release|Any CPU = Release|Any CPU
	EndGlobalSection
	GlobalSection(ProjectConfigurationPlatforms) = postSolution
		{4EBBAB51-895E-43DE-9EA1-6FEACFF72543}.Debug|Any CPU.ActiveCfg = Debug|Any CPU
		{4EBBAB51-895E-43DE-9EA1-6FEACFF72543}.Debug|Any CPU.Build.0 = Debug|Any CPU
		{4EBBAB51-895E-43DE-9EA1-6FEACFF72543}.Release|Any CPU.ActiveCfg = Release|Any CPU
		{4EBBAB51-895E-43DE-9EA1-6FEACFF72543}.Release|Any CPU.Build.0 = Release|Any CPU
	EndGlobalSection
	GlobalSection(SolutionProperties) = preSolution
		HideSolutionNode = FALSE
	EndGlobalSection
	GlobalSection(NestedProjects) = preSolution
		{4EBBAB51-895E-43DE-9EA1-6FEACFF72543} = {556D55EA-1141-481F-B842-6A118DE1E61B}
	EndGlobalSection
	GlobalSection(ExtensibilityGlobals) = postSolution
		SolutionGuid = {9033904F-D23E-4C30-971C-6F4F6C322EA3}
	EndGlobalSection
EndGlobal
